
Microsoft Visual Studio Solution File, Format Version 12.00
# Visual Studio Version 17
VisualStudioVersion = 17.0.31903.59
MinimumVisualStudioVersion = 10.0.40219.1
Project("{2150E333-8FDC-42A3-9474-1A3956D46DE8}") = "src", "src", "{29A0A723-2F15-4F46-812D-9DA30EC51C0B}"
EndProject
Project("{FAE04EC0-301F-11D3-BF4B-00C04F79EFBC}") = "Migrator", "src\Migrator\Migrator.csproj", "{4C1C5622-D8F4-41B0-85EA-5C83CCF008AE}"
EndProject
Project("{FAE04EC0-301F-11D3-BF4B-00C04F79EFBC}") = "CurrencyUpdater", "src\CurrencyUpdater\CurrencyUpdater.csproj", "{A6B28124-79C9-4E06-A623-3E28174DCF8A}"
EndProject
Project("{2150E333-8FDC-42A3-9474-1A3956D46DE8}") = "UserService", "UserService", "{AF0EA12E-BBC2-42BF-A74B-A4B19D614BAB}"
EndProject
Project("{FAE04EC0-301F-11D3-BF4B-00C04F79EFBC}") = "UserService.Domain", "src\UserService\UserService.Domain\UserService.Domain.csproj", "{F22FD731-4227-4A42-BCA0-A5F1D8EA33BD}"
EndProject
Project("{FAE04EC0-301F-11D3-BF4B-00C04F79EFBC}") = "UserService.Application", "src\UserService\UserService.Application\UserService.Application.csproj", "{28CA7C41-020C-4A2D-B4C3-2731248728DB}"
EndProject
Project("{FAE04EC0-301F-11D3-BF4B-00C04F79EFBC}") = "UserService.Infrastructure", "src\UserService\UserService.Infrastructure\UserService.Infrastructure.csproj", "{4835AFA0-7370-4C56-9EFE-C312877F30EF}"
EndProject
Project("{FAE04EC0-301F-11D3-BF4B-00C04F79EFBC}") = "UserService.Api", "src\UserService\UserService.Api\UserService.Api.csproj", "{ED6C927A-7878-464D-8A6F-A6E40E19B411}"
EndProject
Project("{2150E333-8FDC-42A3-9474-1A3956D46DE8}") = "tests", "tests", "{44931647-A0FF-4E4B-9F7B-067EB271BB91}"
EndProject
Project("{FAE04EC0-301F-11D3-BF4B-00C04F79EFBC}") = "UserService.UnitTests", "tests\UserService.UnitTests\UserService.UnitTests.csproj", "{A677E5A5-51C7-4AE3-9318-24C87F0DB623}"
EndProject
Project("{2150E333-8FDC-42A3-9474-1A3956D46DE8}") = "FinanceService", "FinanceService", "{C2604D61-35F4-4867-85E6-6066405CC2D0}"
EndProject
Project("{FAE04EC0-301F-11D3-BF4B-00C04F79EFBC}") = "FinanceService.Domain", "src\FinanceService\FinanceService.Domain\FinanceService.Domain.csproj", "{F4206D88-5873-4863-B2B1-1F72F02B6614}"
EndProject
Project("{FAE04EC0-301F-11D3-BF4B-00C04F79EFBC}") = "FinanceService.Application", "src\FinanceService\FinanceService.Application\FinanceService.Application.csproj", "{47AAAD33-7232-49F4-AF19-E6121B87B998}"
EndProject
Project("{FAE04EC0-301F-11D3-BF4B-00C04F79EFBC}") = "FinanceService.Infrastructure", "src\FinanceService\FinanceService.Infrastructure\FinanceService.Infrastructure.csproj", "{A35FFB38-B0A6-436C-8C12-F721F6C85280}"
EndProject
Project("{FAE04EC0-301F-11D3-BF4B-00C04F79EFBC}") = "FinanceService.Api", "src\FinanceService\FinanceService.Api\FinanceService.Api.csproj", "{9B220D2D-1794-4E00-BF5E-471E63CC3A66}"
EndProject
Project("{FAE04EC0-301F-11D3-BF4B-00C04F79EFBC}") = "FinanceService.UnitTests", "tests\FinanceService.UnitTests\FinanceService.UnitTests.csproj", "{FC5EA5B0-5BBD-4117-970C-F858B62A887C}"
EndProject
Project("{FAE04EC0-301F-11D3-BF4B-00C04F79EFBC}") = "Gateway", "src\Gateway\Gateway.csproj", "{3600BE54-5E5C-4876-967E-12AABC8DA771}"
EndProject
Global
	GlobalSection(SolutionConfigurationPlatforms) = preSolution
		Debug|Any CPU = Debug|Any CPU
		Release|Any CPU = Release|Any CPU
	EndGlobalSection
	GlobalSection(SolutionProperties) = preSolution
		HideSolutionNode = FALSE
	EndGlobalSection
	GlobalSection(ProjectConfigurationPlatforms) = postSolution
		{4C1C5622-D8F4-41B0-85EA-5C83CCF008AE}.Debug|Any CPU.ActiveCfg = Debug|Any CPU
		{4C1C5622-D8F4-41B0-85EA-5C83CCF008AE}.Debug|Any CPU.Build.0 = Debug|Any CPU
		{4C1C5622-D8F4-41B0-85EA-5C83CCF008AE}.Release|Any CPU.ActiveCfg = Release|Any CPU
		{4C1C5622-D8F4-41B0-85EA-5C83CCF008AE}.Release|Any CPU.Build.0 = Release|Any CPU
		{A6B28124-79C9-4E06-A623-3E28174DCF8A}.Debug|Any CPU.ActiveCfg = Debug|Any CPU
		{A6B28124-79C9-4E06-A623-3E28174DCF8A}.Debug|Any CPU.Build.0 = Debug|Any CPU
		{A6B28124-79C9-4E06-A623-3E28174DCF8A}.Release|Any CPU.ActiveCfg = Release|Any CPU
		{A6B28124-79C9-4E06-A623-3E28174DCF8A}.Release|Any CPU.Build.0 = Release|Any CPU
		{F22FD731-4227-4A42-BCA0-A5F1D8EA33BD}.Debug|Any CPU.ActiveCfg = Debug|Any CPU
		{F22FD731-4227-4A42-BCA0-A5F1D8EA33BD}.Debug|Any CPU.Build.0 = Debug|Any CPU
		{F22FD731-4227-4A42-BCA0-A5F1D8EA33BD}.Release|Any CPU.ActiveCfg = Release|Any CPU
		{F22FD731-4227-4A42-BCA0-A5F1D8EA33BD}.Release|Any CPU.Build.0 = Release|Any CPU
		{28CA7C41-020C-4A2D-B4C3-2731248728DB}.Debug|Any CPU.ActiveCfg = Debug|Any CPU
		{28CA7C41-020C-4A2D-B4C3-2731248728DB}.Debug|Any CPU.Build.0 = Debug|Any CPU
		{28CA7C41-020C-4A2D-B4C3-2731248728DB}.Release|Any CPU.ActiveCfg = Release|Any CPU
		{28CA7C41-020C-4A2D-B4C3-2731248728DB}.Release|Any CPU.Build.0 = Release|Any CPU
		{4835AFA0-7370-4C56-9EFE-C312877F30EF}.Debug|Any CPU.ActiveCfg = Debug|Any CPU
		{4835AFA0-7370-4C56-9EFE-C312877F30EF}.Debug|Any CPU.Build.0 = Debug|Any CPU
		{4835AFA0-7370-4C56-9EFE-C312877F30EF}.Release|Any CPU.ActiveCfg = Release|Any CPU
		{4835AFA0-7370-4C56-9EFE-C312877F30EF}.Release|Any CPU.Build.0 = Release|Any CPU
		{ED6C927A-7878-464D-8A6F-A6E40E19B411}.Debug|Any CPU.ActiveCfg = Debug|Any CPU
		{ED6C927A-7878-464D-8A6F-A6E40E19B411}.Debug|Any CPU.Build.0 = Debug|Any CPU
		{ED6C927A-7878-464D-8A6F-A6E40E19B411}.Release|Any CPU.ActiveCfg = Release|Any CPU
		{ED6C927A-7878-464D-8A6F-A6E40E19B411}.Release|Any CPU.Build.0 = Release|Any CPU
		{A677E5A5-51C7-4AE3-9318-24C87F0DB623}.Debug|Any CPU.ActiveCfg = Debug|Any CPU
		{A677E5A5-51C7-4AE3-9318-24C87F0DB623}.Debug|Any CPU.Build.0 = Debug|Any CPU
		{A677E5A5-51C7-4AE3-9318-24C87F0DB623}.Release|Any CPU.ActiveCfg = Release|Any CPU
		{A677E5A5-51C7-4AE3-9318-24C87F0DB623}.Release|Any CPU.Build.0 = Release|Any CPU
		{F4206D88-5873-4863-B2B1-1F72F02B6614}.Debug|Any CPU.ActiveCfg = Debug|Any CPU
		{F4206D88-5873-4863-B2B1-1F72F02B6614}.Debug|Any CPU.Build.0 = Debug|Any CPU
		{F4206D88-5873-4863-B2B1-1F72F02B6614}.Release|Any CPU.ActiveCfg = Release|Any CPU
		{F4206D88-5873-4863-B2B1-1F72F02B6614}.Release|Any CPU.Build.0 = Release|Any CPU
		{47AAAD33-7232-49F4-AF19-E6121B87B998}.Debug|Any CPU.ActiveCfg = Debug|Any CPU
		{47AAAD33-7232-49F4-AF19-E6121B87B998}.Debug|Any CPU.Build.0 = Debug|Any CPU
		{47AAAD33-7232-49F4-AF19-E6121B87B998}.Release|Any CPU.ActiveCfg = Release|Any CPU
		{47AAAD33-7232-49F4-AF19-E6121B87B998}.Release|Any CPU.Build.0 = Release|Any CPU
		{A35FFB38-B0A6-436C-8C12-F721F6C85280}.Debug|Any CPU.ActiveCfg = Debug|Any CPU
		{A35FFB38-B0A6-436C-8C12-F721F6C85280}.Debug|Any CPU.Build.0 = Debug|Any CPU
		{A35FFB38-B0A6-436C-8C12-F721F6C85280}.Release|Any CPU.ActiveCfg = Release|Any CPU
		{A35FFB38-B0A6-436C-8C12-F721F6C85280}.Release|Any CPU.Build.0 = Release|Any CPU
		{9B220D2D-1794-4E00-BF5E-471E63CC3A66}.Debug|Any CPU.ActiveCfg = Debug|Any CPU
		{9B220D2D-1794-4E00-BF5E-471E63CC3A66}.Debug|Any CPU.Build.0 = Debug|Any CPU
		{9B220D2D-1794-4E00-BF5E-471E63CC3A66}.Release|Any CPU.ActiveCfg = Release|Any CPU
		{9B220D2D-1794-4E00-BF5E-471E63CC3A66}.Release|Any CPU.Build.0 = Release|Any CPU
		{FC5EA5B0-5BBD-4117-970C-F858B62A887C}.Debug|Any CPU.ActiveCfg = Debug|Any CPU
		{FC5EA5B0-5BBD-4117-970C-F858B62A887C}.Debug|Any CPU.Build.0 = Debug|Any CPU
		{FC5EA5B0-5BBD-4117-970C-F858B62A887C}.Release|Any CPU.ActiveCfg = Release|Any CPU
		{FC5EA5B0-5BBD-4117-970C-F858B62A887C}.Release|Any CPU.Build.0 = Release|Any CPU
		{3600BE54-5E5C-4876-967E-12AABC8DA771}.Debug|Any CPU.ActiveCfg = Debug|Any CPU
		{3600BE54-5E5C-4876-967E-12AABC8DA771}.Debug|Any CPU.Build.0 = Debug|Any CPU
		{3600BE54-5E5C-4876-967E-12AABC8DA771}.Release|Any CPU.ActiveCfg = Release|Any CPU
		{3600BE54-5E5C-4876-967E-12AABC8DA771}.Release|Any CPU.Build.0 = Release|Any CPU
	EndGlobalSection
	GlobalSection(NestedProjects) = preSolution
		{4C1C5622-D8F4-41B0-85EA-5C83CCF008AE} = {29A0A723-2F15-4F46-812D-9DA30EC51C0B}
		{A6B28124-79C9-4E06-A623-3E28174DCF8A} = {29A0A723-2F15-4F46-812D-9DA30EC51C0B}
		{AF0EA12E-BBC2-42BF-A74B-A4B19D614BAB} = {29A0A723-2F15-4F46-812D-9DA30EC51C0B}
		{F22FD731-4227-4A42-BCA0-A5F1D8EA33BD} = {AF0EA12E-BBC2-42BF-A74B-A4B19D614BAB}
		{28CA7C41-020C-4A2D-B4C3-2731248728DB} = {AF0EA12E-BBC2-42BF-A74B-A4B19D614BAB}
		{4835AFA0-7370-4C56-9EFE-C312877F30EF} = {AF0EA12E-BBC2-42BF-A74B-A4B19D614BAB}
		{ED6C927A-7878-464D-8A6F-A6E40E19B411} = {AF0EA12E-BBC2-42BF-A74B-A4B19D614BAB}
		{A677E5A5-51C7-4AE3-9318-24C87F0DB623} = {44931647-A0FF-4E4B-9F7B-067EB271BB91}
		{C2604D61-35F4-4867-85E6-6066405CC2D0} = {29A0A723-2F15-4F46-812D-9DA30EC51C0B}
		{F4206D88-5873-4863-B2B1-1F72F02B6614} = {C2604D61-35F4-4867-85E6-6066405CC2D0}
		{47AAAD33-7232-49F4-AF19-E6121B87B998} = {C2604D61-35F4-4867-85E6-6066405CC2D0}
		{A35FFB38-B0A6-436C-8C12-F721F6C85280} = {C2604D61-35F4-4867-85E6-6066405CC2D0}
		{9B220D2D-1794-4E00-BF5E-471E63CC3A66} = {C2604D61-35F4-4867-85E6-6066405CC2D0}
		{FC5EA5B0-5BBD-4117-970C-F858B62A887C} = {44931647-A0FF-4E4B-9F7B-067EB271BB91}
		{3600BE54-5E5C-4876-967E-12AABC8DA771} = {29A0A723-2F15-4F46-812D-9DA30EC51C0B}
	EndGlobalSection
EndGlobal
